
Microsoft Visual Studio Solution File, Format Version 12.00
# Visual Studio Version 17
VisualStudioVersion = 17.13.35825.156
MinimumVisualStudioVersion = 10.0.40219.1
Project("{FAE04EC0-301F-11D3-BF4B-00C04F79EFBC}") = "BCSC", "BCSC\BCSC.csproj", "{DFA0BE2E-FB17-4897-BA49-F89799A322F8}"
EndProject
Global
	GlobalSection(SolutionConfigurationPlatforms) = preSolution
		Debug|Any CPU = Debug|Any CPU
		Release|Any CPU = Release|Any CPU
	EndGlobalSection
	GlobalSection(ProjectConfigurationPlatforms) = postSolution
		{DFA0BE2E-FB17-4897-BA49-F89799A322F8}.Debug|Any CPU.ActiveCfg = Debug|Any CPU
		{DFA0BE2E-FB17-4897-BA49-F89799A322F8}.Debug|Any CPU.Build.0 = Debug|Any CPU
		{DFA0BE2E-FB17-4897-BA49-F89799A322F8}.Release|Any CPU.ActiveCfg = Release|Any CPU
		{DFA0BE2E-FB17-4897-BA49-F89799A322F8}.Release|Any CPU.Build.0 = Release|Any CPU
	EndGlobalSection
	GlobalSection(SolutionProperties) = preSolution
		HideSolutionNode = FALSE
	EndGlobalSection
	GlobalSection(ExtensibilityGlobals) = postSolution
		SolutionGuid = {5615DC77-9F52-4BD6-A118-EFC52DA1C4A9}
	EndGlobalSection
EndGlobal
